
Microsoft Visual Studio Solution File, Format Version 12.00
# Visual Studio Version 17
VisualStudioVersion = 17.10.34928.147
MinimumVisualStudioVersion = 10.0.40219.1
Project("{9A19103F-16F7-4668-BE54-9A1E7A4F7556}") = "NotesApi", "NotesApi.csproj", "{BEB1E06F-12CB-4AAF-8B98-C9FD1961FEC1}"
EndProject
Global
	GlobalSection(SolutionConfigurationPlatforms) = preSolution
		Debug|Any CPU = Debug|Any CPU
		Release|Any CPU = Release|Any CPU
	EndGlobalSection
	GlobalSection(ProjectConfigurationPlatforms) = postSolution
		{BEB1E06F-12CB-4AAF-8B98-C9FD1961FEC1}.Debug|Any CPU.ActiveCfg = Debug|Any CPU
		{BEB1E06F-12CB-4AAF-8B98-C9FD1961FEC1}.Debug|Any CPU.Build.0 = Debug|Any CPU
		{BEB1E06F-12CB-4AAF-8B98-C9FD1961FEC1}.Release|Any CPU.ActiveCfg = Release|Any CPU
		{BEB1E06F-12CB-4AAF-8B98-C9FD1961FEC1}.Release|Any CPU.Build.0 = Release|Any CPU
	EndGlobalSection
	GlobalSection(SolutionProperties) = preSolution
		HideSolutionNode = FALSE
	EndGlobalSection
	GlobalSection(ExtensibilityGlobals) = postSolution
		SolutionGuid = {06D42D75-5600-4B4B-B29C-FB25BA106F47}
	EndGlobalSection
EndGlobal
